{
  "name": "njbairs-files",
  "version": "1.0.0",
  "lockfileVersion": 1,
  "requires": true,
  "dependencies": {
    "dotenv": {
      "version": "8.2.0",
      "resolved": "https://registry.npmjs.org/dotenv/-/dotenv-8.2.0.tgz",
      "integrity": "sha512-8sJ78ElpbDJBHNeBzUbUVLsqKdccaa/BXF1uPTw3GrvQTBgrQrtObr2mUrE38vzYd8cEv+m/JBfDLioYcfXoaw==",
      "dev": true
    },
    "h5ai": {
      "version": "git+https://github.com/lrsjng/h5ai.git#ce939c3115c2593a54adac6cdfd9817d41d109fa",
      "from": "git+https://github.com/lrsjng/h5ai.git",
      "dev": true
    },
    "json5": {
      "version": "2.1.1",
      "resolved": "https://registry.npmjs.org/json5/-/json5-2.1.1.tgz",
      "integrity": "sha512-l+3HXD0GEI3huGq1njuqtzYK8OYJyXMkOLtQ53pjWh89tvWS2h6l+1zMkYWqlb57+SiQodKZyvMEFb2X+KrFhQ==",
      "dev": true,
      "requires": {
        "minimist": "^1.2.0"
      }
    },
    "minimist": {
      "version": "1.2.0",
      "resolved": "https://registry.npmjs.org/minimist/-/minimist-1.2.0.tgz",
      "integrity": "sha1-o1AIsg9BOD7sH7kU9M1d95omQoQ=",
      "dev": true
    },
    "object-assign-deep": {
      "version": "0.4.0",
      "resolved": "https://registry.npmjs.org/object-assign-deep/-/object-assign-deep-0.4.0.tgz",
      "integrity": "sha512-54Uvn3s+4A/cMWx9tlRez1qtc7pN7pbQ+Yi7mjLjcBpWLlP+XbSHiHbQW6CElDiV4OvuzqnMrBdkgxI1mT8V/Q==",
      "dev": true
    }
  }
}
